
Microsoft Visual Studio Solution File, Format Version 12.00
# Visual Studio Version 17
VisualStudioVersion = 17.14.36804.6
MinimumVisualStudioVersion = 10.0.40219.1
Project("{2150E333-8FDC-42A3-9474-1A3956D46DE8}") = "LLMs", "LLMs", "{02EA681E-C7D8-13C7-8484-4AC65E1B71E8}"
EndProject
Project("{FAE04EC0-301F-11D3-BF4B-00C04F79EFBC}") = "TextCompletion", "TextCompletion\TextCompletion.csproj", "{37EFCDA6-8656-4412-B557-4F5E88DDB4F5}"
EndProject
Project("{FAE04EC0-301F-11D3-BF4B-00C04F79EFBC}") = "TextCompletion_Ollama", "TextCompletion_Ollama\TextCompletion_Ollama.csproj", "{B42A221E-A6D2-4789-AC34-B6CA81B8CE20}"
EndProject
Project("{FAE04EC0-301F-11D3-BF4B-00C04F79EFBC}") = "FunctionCall", "FunctionCall\FunctionCall.csproj", "{398C0D31-5207-4657-BCDC-270202CD2E14}"
EndProject
Project("{2150E333-8FDC-42A3-9474-1A3956D46DE8}") = "Vectors", "Vectors", "{A0AF4122-EAD6-435C-B884-667D2D1E249D}"
EndProject
Project("{FAE04EC0-301F-11D3-BF4B-00C04F79EFBC}") = "Embeddings", "Embeddings\Embeddings.csproj", "{FA317F09-C653-4DC3-A025-8CB28E238D98}"
EndProject
Project("{FAE04EC0-301F-11D3-BF4B-00C04F79EFBC}") = "VectorSearch", "VectorSearch\VectorSearch.csproj", "{6BA59A7D-66D4-429D-8DC5-818734DAFC55}"
EndProject
Global
	GlobalSection(SolutionConfigurationPlatforms) = preSolution
		Debug|Any CPU = Debug|Any CPU
		Release|Any CPU = Release|Any CPU
	EndGlobalSection
	GlobalSection(ProjectConfigurationPlatforms) = postSolution
		{37EFCDA6-8656-4412-B557-4F5E88DDB4F5}.Debug|Any CPU.ActiveCfg = Debug|Any CPU
		{37EFCDA6-8656-4412-B557-4F5E88DDB4F5}.Debug|Any CPU.Build.0 = Debug|Any CPU
		{37EFCDA6-8656-4412-B557-4F5E88DDB4F5}.Release|Any CPU.ActiveCfg = Release|Any CPU
		{37EFCDA6-8656-4412-B557-4F5E88DDB4F5}.Release|Any CPU.Build.0 = Release|Any CPU
		{B42A221E-A6D2-4789-AC34-B6CA81B8CE20}.Debug|Any CPU.ActiveCfg = Debug|Any CPU
		{B42A221E-A6D2-4789-AC34-B6CA81B8CE20}.Debug|Any CPU.Build.0 = Debug|Any CPU
		{B42A221E-A6D2-4789-AC34-B6CA81B8CE20}.Release|Any CPU.ActiveCfg = Release|Any CPU
		{B42A221E-A6D2-4789-AC34-B6CA81B8CE20}.Release|Any CPU.Build.0 = Release|Any CPU
		{398C0D31-5207-4657-BCDC-270202CD2E14}.Debug|Any CPU.ActiveCfg = Debug|Any CPU
		{398C0D31-5207-4657-BCDC-270202CD2E14}.Debug|Any CPU.Build.0 = Debug|Any CPU
		{398C0D31-5207-4657-BCDC-270202CD2E14}.Release|Any CPU.ActiveCfg = Release|Any CPU
		{398C0D31-5207-4657-BCDC-270202CD2E14}.Release|Any CPU.Build.0 = Release|Any CPU
		{FA317F09-C653-4DC3-A025-8CB28E238D98}.Debug|Any CPU.ActiveCfg = Debug|Any CPU
		{FA317F09-C653-4DC3-A025-8CB28E238D98}.Debug|Any CPU.Build.0 = Debug|Any CPU
		{FA317F09-C653-4DC3-A025-8CB28E238D98}.Release|Any CPU.ActiveCfg = Release|Any CPU
		{FA317F09-C653-4DC3-A025-8CB28E238D98}.Release|Any CPU.Build.0 = Release|Any CPU
		{6BA59A7D-66D4-429D-8DC5-818734DAFC55}.Debug|Any CPU.ActiveCfg = Debug|Any CPU
		{6BA59A7D-66D4-429D-8DC5-818734DAFC55}.Debug|Any CPU.Build.0 = Debug|Any CPU
		{6BA59A7D-66D4-429D-8DC5-818734DAFC55}.Release|Any CPU.ActiveCfg = Release|Any CPU
		{6BA59A7D-66D4-429D-8DC5-818734DAFC55}.Release|Any CPU.Build.0 = Release|Any CPU
	EndGlobalSection
	GlobalSection(SolutionProperties) = preSolution
		HideSolutionNode = FALSE
	EndGlobalSection
	GlobalSection(NestedProjects) = preSolution
		{37EFCDA6-8656-4412-B557-4F5E88DDB4F5} = {02EA681E-C7D8-13C7-8484-4AC65E1B71E8}
		{B42A221E-A6D2-4789-AC34-B6CA81B8CE20} = {02EA681E-C7D8-13C7-8484-4AC65E1B71E8}
		{398C0D31-5207-4657-BCDC-270202CD2E14} = {02EA681E-C7D8-13C7-8484-4AC65E1B71E8}
		{FA317F09-C653-4DC3-A025-8CB28E238D98} = {A0AF4122-EAD6-435C-B884-667D2D1E249D}
		{6BA59A7D-66D4-429D-8DC5-818734DAFC55} = {A0AF4122-EAD6-435C-B884-667D2D1E249D}
	EndGlobalSection
	GlobalSection(ExtensibilityGlobals) = postSolution
		SolutionGuid = {907A425A-56B0-444D-9567-0C1555C18BA1}
	EndGlobalSection
EndGlobal
