
Microsoft Visual Studio Solution File, Format Version 12.00
# Visual Studio Version 17
VisualStudioVersion = 17.14.36804.6
MinimumVisualStudioVersion = 10.0.40219.1
Project("{2150E333-8FDC-42A3-9474-1A3956D46DE8}") = "LLMs", "LLMs", "{02EA681E-C7D8-13C7-8484-4AC65E1B71E8}"
EndProject
Project("{FAE04EC0-301F-11D3-BF4B-00C04F79EFBC}") = "TextCompletion", "TextCompletion\TextCompletion.csproj", "{37EFCDA6-8656-4412-B557-4F5E88DDB4F5}"
EndProject
Project("{FAE04EC0-301F-11D3-BF4B-00C04F79EFBC}") = "TextCompletion_Ollama", "TextCompletion_Ollama\TextCompletion_Ollama.csproj", "{B42A221E-A6D2-4789-AC34-B6CA81B8CE20}"
EndProject
Project("{FAE04EC0-301F-11D3-BF4B-00C04F79EFBC}") = "FunctionCall", "FunctionCall\FunctionCall.csproj", "{398C0D31-5207-4657-BCDC-270202CD2E14}"
EndProject
Project("{2150E333-8FDC-42A3-9474-1A3956D46DE8}") = "Vectors", "Vectors", "{A0AF4122-EAD6-435C-B884-667D2D1E249D}"
EndProject
Project("{FAE04EC0-301F-11D3-BF4B-00C04F79EFBC}") = "Embeddings", "Embeddings\Embeddings.csproj", "{FA317F09-C653-4DC3-A025-8CB28E238D98}"
EndProject
Project("{FAE04EC0-301F-11D3-BF4B-00C04F79EFBC}") = "VectorSearch", "VectorSearch\VectorSearch.csproj", "{6BA59A7D-66D4-429D-8DC5-818734DAFC55}"
EndProject
Project("{FAE04EC0-301F-11D3-BF4B-00C04F79EFBC}") = "VectorSearch_Ollama", "VectorSearch_Ollama\VectorSearch_Ollama.csproj", "{930616D2-EABA-4E70-ADC8-24A51429D69F}"
EndProject
Project("{2150E333-8FDC-42A3-9474-1A3956D46DE8}") = "RAG", "RAG", "{57806591-A182-4E63-AAA8-B127681257B1}"
EndProject
Project("{FAE04EC0-301F-11D3-BF4B-00C04F79EFBC}") = "ChatApp_RAG", "ChatApp_RAG\ChatApp_RAG.csproj", "{9E5321F7-B84F-D51F-273D-2D47A58E1332}"
EndProject
Project("{FAE04EC0-301F-11D3-BF4B-00C04F79EFBC}") = "ChatApp_RAG_Ollama", "ChatApp_RAG_Ollama\ChatApp_RAG_Ollama.csproj", "{2CCFC759-51EA-1B10-D675-CC7AE4CDCCBA}"
EndProject
Project("{FAE04EC0-301F-11D3-BF4B-00C04F79EFBC}") = "ChatApp_RAG_Qdrant.AppHost", "ChatApp_RAG_Qdrant\ChatApp_RAG_Qdrant.AppHost\ChatApp_RAG_Qdrant.AppHost.csproj", "{C2924776-6433-13DF-E023-571026B37690}"
EndProject
Project("{FAE04EC0-301F-11D3-BF4B-00C04F79EFBC}") = "ChatApp_RAG_Qdrant.ServiceDefaults", "ChatApp_RAG_Qdrant\ChatApp_RAG_Qdrant.ServiceDefaults\ChatApp_RAG_Qdrant.ServiceDefaults.csproj", "{9FD10EAE-BB88-2B3A-716F-802BC6B5C983}"
EndProject
Project("{FAE04EC0-301F-11D3-BF4B-00C04F79EFBC}") = "ChatApp_RAG_Qdrant.Web", "ChatApp_RAG_Qdrant\ChatApp_RAG_Qdrant.Web\ChatApp_RAG_Qdrant.Web.csproj", "{559FF3C9-E2D9-EE11-BF45-2BB3424AAC89}"
EndProject
Project("{2150E333-8FDC-42A3-9474-1A3956D46DE8}") = "Vision", "Vision", "{0D082DC2-C911-42AD-9EDE-3BD5BBEFD008}"
EndProject
Project("{FAE04EC0-301F-11D3-BF4B-00C04F79EFBC}") = "ImageAnalysis", "ImageAnalysis\ImageAnalysis.csproj", "{6291BF84-6C55-4547-91C5-2C8933D1A5F5}"
EndProject
Project("{FAE04EC0-301F-11D3-BF4B-00C04F79EFBC}") = "TrafficCamAnalysis", "TrafficCamAnalysis\TrafficCamAnalysis.csproj", "{6148F5EB-7C5D-4404-BD61-73E1584CEB2A}"
EndProject
Project("{FAE04EC0-301F-11D3-BF4B-00C04F79EFBC}") = "ImageAnalysis_Ollama", "ImageAnalysis_Ollama\ImageAnalysis_Ollama.csproj", "{DEC4C7DD-8B02-46DE-8A6D-A5241BBB13C6}"
EndProject
Global
	GlobalSection(SolutionConfigurationPlatforms) = preSolution
		Debug|Any CPU = Debug|Any CPU
		Release|Any CPU = Release|Any CPU
	EndGlobalSection
	GlobalSection(ProjectConfigurationPlatforms) = postSolution
		{37EFCDA6-8656-4412-B557-4F5E88DDB4F5}.Debug|Any CPU.ActiveCfg = Debug|Any CPU
		{37EFCDA6-8656-4412-B557-4F5E88DDB4F5}.Debug|Any CPU.Build.0 = Debug|Any CPU
		{37EFCDA6-8656-4412-B557-4F5E88DDB4F5}.Release|Any CPU.ActiveCfg = Release|Any CPU
		{37EFCDA6-8656-4412-B557-4F5E88DDB4F5}.Release|Any CPU.Build.0 = Release|Any CPU
		{B42A221E-A6D2-4789-AC34-B6CA81B8CE20}.Debug|Any CPU.ActiveCfg = Debug|Any CPU
		{B42A221E-A6D2-4789-AC34-B6CA81B8CE20}.Debug|Any CPU.Build.0 = Debug|Any CPU
		{B42A221E-A6D2-4789-AC34-B6CA81B8CE20}.Release|Any CPU.ActiveCfg = Release|Any CPU
		{B42A221E-A6D2-4789-AC34-B6CA81B8CE20}.Release|Any CPU.Build.0 = Release|Any CPU
		{398C0D31-5207-4657-BCDC-270202CD2E14}.Debug|Any CPU.ActiveCfg = Debug|Any CPU
		{398C0D31-5207-4657-BCDC-270202CD2E14}.Debug|Any CPU.Build.0 = Debug|Any CPU
		{398C0D31-5207-4657-BCDC-270202CD2E14}.Release|Any CPU.ActiveCfg = Release|Any CPU
		{398C0D31-5207-4657-BCDC-270202CD2E14}.Release|Any CPU.Build.0 = Release|Any CPU
		{FA317F09-C653-4DC3-A025-8CB28E238D98}.Debug|Any CPU.ActiveCfg = Debug|Any CPU
		{FA317F09-C653-4DC3-A025-8CB28E238D98}.Debug|Any CPU.Build.0 = Debug|Any CPU
		{FA317F09-C653-4DC3-A025-8CB28E238D98}.Release|Any CPU.ActiveCfg = Release|Any CPU
		{FA317F09-C653-4DC3-A025-8CB28E238D98}.Release|Any CPU.Build.0 = Release|Any CPU
		{6BA59A7D-66D4-429D-8DC5-818734DAFC55}.Debug|Any CPU.ActiveCfg = Debug|Any CPU
		{6BA59A7D-66D4-429D-8DC5-818734DAFC55}.Debug|Any CPU.Build.0 = Debug|Any CPU
		{6BA59A7D-66D4-429D-8DC5-818734DAFC55}.Release|Any CPU.ActiveCfg = Release|Any CPU
		{6BA59A7D-66D4-429D-8DC5-818734DAFC55}.Release|Any CPU.Build.0 = Release|Any CPU
		{930616D2-EABA-4E70-ADC8-24A51429D69F}.Debug|Any CPU.ActiveCfg = Debug|Any CPU
		{930616D2-EABA-4E70-ADC8-24A51429D69F}.Debug|Any CPU.Build.0 = Debug|Any CPU
		{930616D2-EABA-4E70-ADC8-24A51429D69F}.Release|Any CPU.ActiveCfg = Release|Any CPU
		{930616D2-EABA-4E70-ADC8-24A51429D69F}.Release|Any CPU.Build.0 = Release|Any CPU
		{9E5321F7-B84F-D51F-273D-2D47A58E1332}.Debug|Any CPU.ActiveCfg = Debug|Any CPU
		{9E5321F7-B84F-D51F-273D-2D47A58E1332}.Debug|Any CPU.Build.0 = Debug|Any CPU
		{9E5321F7-B84F-D51F-273D-2D47A58E1332}.Release|Any CPU.ActiveCfg = Release|Any CPU
		{9E5321F7-B84F-D51F-273D-2D47A58E1332}.Release|Any CPU.Build.0 = Release|Any CPU
		{2CCFC759-51EA-1B10-D675-CC7AE4CDCCBA}.Debug|Any CPU.ActiveCfg = Debug|Any CPU
		{2CCFC759-51EA-1B10-D675-CC7AE4CDCCBA}.Debug|Any CPU.Build.0 = Debug|Any CPU
		{2CCFC759-51EA-1B10-D675-CC7AE4CDCCBA}.Release|Any CPU.ActiveCfg = Release|Any CPU
		{2CCFC759-51EA-1B10-D675-CC7AE4CDCCBA}.Release|Any CPU.Build.0 = Release|Any CPU
		{C2924776-6433-13DF-E023-571026B37690}.Debug|Any CPU.ActiveCfg = Debug|Any CPU
		{C2924776-6433-13DF-E023-571026B37690}.Debug|Any CPU.Build.0 = Debug|Any CPU
		{C2924776-6433-13DF-E023-571026B37690}.Release|Any CPU.ActiveCfg = Release|Any CPU
		{C2924776-6433-13DF-E023-571026B37690}.Release|Any CPU.Build.0 = Release|Any CPU
		{9FD10EAE-BB88-2B3A-716F-802BC6B5C983}.Debug|Any CPU.ActiveCfg = Debug|Any CPU
		{9FD10EAE-BB88-2B3A-716F-802BC6B5C983}.Debug|Any CPU.Build.0 = Debug|Any CPU
		{9FD10EAE-BB88-2B3A-716F-802BC6B5C983}.Release|Any CPU.ActiveCfg = Release|Any CPU
		{9FD10EAE-BB88-2B3A-716F-802BC6B5C983}.Release|Any CPU.Build.0 = Release|Any CPU
		{559FF3C9-E2D9-EE11-BF45-2BB3424AAC89}.Debug|Any CPU.ActiveCfg = Debug|Any CPU
		{559FF3C9-E2D9-EE11-BF45-2BB3424AAC89}.Debug|Any CPU.Build.0 = Debug|Any CPU
		{559FF3C9-E2D9-EE11-BF45-2BB3424AAC89}.Release|Any CPU.ActiveCfg = Release|Any CPU
		{559FF3C9-E2D9-EE11-BF45-2BB3424AAC89}.Release|Any CPU.Build.0 = Release|Any CPU
		{6291BF84-6C55-4547-91C5-2C8933D1A5F5}.Debug|Any CPU.ActiveCfg = Debug|Any CPU
		{6291BF84-6C55-4547-91C5-2C8933D1A5F5}.Debug|Any CPU.Build.0 = Debug|Any CPU
		{6291BF84-6C55-4547-91C5-2C8933D1A5F5}.Release|Any CPU.ActiveCfg = Release|Any CPU
		{6291BF84-6C55-4547-91C5-2C8933D1A5F5}.Release|Any CPU.Build.0 = Release|Any CPU
		{6148F5EB-7C5D-4404-BD61-73E1584CEB2A}.Debug|Any CPU.ActiveCfg = Debug|Any CPU
		{6148F5EB-7C5D-4404-BD61-73E1584CEB2A}.Debug|Any CPU.Build.0 = Debug|Any CPU
		{6148F5EB-7C5D-4404-BD61-73E1584CEB2A}.Release|Any CPU.ActiveCfg = Release|Any CPU
		{6148F5EB-7C5D-4404-BD61-73E1584CEB2A}.Release|Any CPU.Build.0 = Release|Any CPU
		{DEC4C7DD-8B02-46DE-8A6D-A5241BBB13C6}.Debug|Any CPU.ActiveCfg = Debug|Any CPU
		{DEC4C7DD-8B02-46DE-8A6D-A5241BBB13C6}.Debug|Any CPU.Build.0 = Debug|Any CPU
		{DEC4C7DD-8B02-46DE-8A6D-A5241BBB13C6}.Release|Any CPU.ActiveCfg = Release|Any CPU
		{DEC4C7DD-8B02-46DE-8A6D-A5241BBB13C6}.Release|Any CPU.Build.0 = Release|Any CPU
	EndGlobalSection
	GlobalSection(SolutionProperties) = preSolution
		HideSolutionNode = FALSE
	EndGlobalSection
	GlobalSection(NestedProjects) = preSolution
		{37EFCDA6-8656-4412-B557-4F5E88DDB4F5} = {02EA681E-C7D8-13C7-8484-4AC65E1B71E8}
		{B42A221E-A6D2-4789-AC34-B6CA81B8CE20} = {02EA681E-C7D8-13C7-8484-4AC65E1B71E8}
		{398C0D31-5207-4657-BCDC-270202CD2E14} = {02EA681E-C7D8-13C7-8484-4AC65E1B71E8}
		{FA317F09-C653-4DC3-A025-8CB28E238D98} = {A0AF4122-EAD6-435C-B884-667D2D1E249D}
		{6BA59A7D-66D4-429D-8DC5-818734DAFC55} = {A0AF4122-EAD6-435C-B884-667D2D1E249D}
		{930616D2-EABA-4E70-ADC8-24A51429D69F} = {A0AF4122-EAD6-435C-B884-667D2D1E249D}
		{9E5321F7-B84F-D51F-273D-2D47A58E1332} = {57806591-A182-4E63-AAA8-B127681257B1}
		{2CCFC759-51EA-1B10-D675-CC7AE4CDCCBA} = {57806591-A182-4E63-AAA8-B127681257B1}
		{C2924776-6433-13DF-E023-571026B37690} = {57806591-A182-4E63-AAA8-B127681257B1}
		{9FD10EAE-BB88-2B3A-716F-802BC6B5C983} = {57806591-A182-4E63-AAA8-B127681257B1}
		{559FF3C9-E2D9-EE11-BF45-2BB3424AAC89} = {57806591-A182-4E63-AAA8-B127681257B1}
		{6291BF84-6C55-4547-91C5-2C8933D1A5F5} = {0D082DC2-C911-42AD-9EDE-3BD5BBEFD008}
		{6148F5EB-7C5D-4404-BD61-73E1584CEB2A} = {0D082DC2-C911-42AD-9EDE-3BD5BBEFD008}
		{DEC4C7DD-8B02-46DE-8A6D-A5241BBB13C6} = {0D082DC2-C911-42AD-9EDE-3BD5BBEFD008}
	EndGlobalSection
	GlobalSection(ExtensibilityGlobals) = postSolution
		SolutionGuid = {907A425A-56B0-444D-9567-0C1555C18BA1}
	EndGlobalSection
EndGlobal
